
Microsoft Visual Studio Solution File, Format Version 12.00
# Visual Studio Version 17
VisualStudioVersion = 17.4.33213.308
MinimumVisualStudioVersion = 10.0.40219.1
Project("{FAE04EC0-301F-11D3-BF4B-00C04F79EFBC}") = "10", "10\10.csproj", "{B699A54C-833C-4C1F-A39E-1A2BF2299C85}"
EndProject
Global
	GlobalSection(SolutionConfigurationPlatforms) = preSolution
		Debug|Any CPU = Debug|Any CPU
		Release|Any CPU = Release|Any CPU
	EndGlobalSection
	GlobalSection(ProjectConfigurationPlatforms) = postSolution
		{B699A54C-833C-4C1F-A39E-1A2BF2299C85}.Debug|Any CPU.ActiveCfg = Debug|Any CPU
		{B699A54C-833C-4C1F-A39E-1A2BF2299C85}.Debug|Any CPU.Build.0 = Debug|Any CPU
		{B699A54C-833C-4C1F-A39E-1A2BF2299C85}.Release|Any CPU.ActiveCfg = Release|Any CPU
		{B699A54C-833C-4C1F-A39E-1A2BF2299C85}.Release|Any CPU.Build.0 = Release|Any CPU
	EndGlobalSection
	GlobalSection(SolutionProperties) = preSolution
		HideSolutionNode = FALSE
	EndGlobalSection
	GlobalSection(ExtensibilityGlobals) = postSolution
		SolutionGuid = {BFA7A42E-1424-4518-A109-E135B135CF65}
	EndGlobalSection
EndGlobal
